{
  "version": 4,
  "terraform_version": "1.9.3",
  "serial": 5,
  "lineage": "441c5e69-d46a-d2b5-fede-35d3b1060738",
  "outputs": {},
  "resources": [
    {
      "module": "module.mymodule",
      "mode": "managed",
      "type": "newrelic_alert_policy",
      "name": "alertt",
      "provider": "module.mymodule.provider[\"registry.terraform.io/newrelic/newrelic\"]",
      "instances": [
        {
          "schema_version": 0,
          "attributes": {
            "account_id": 4438263,
            "channel_ids": null,
            "id": "5515191",
            "incident_preference": "PER_POLICY",
            "name": "mypolicy"
          },
          "sensitive_attributes": [],
          "private": "bnVsbA=="
        }
      ]
    },
    {
      "module": "module.mymodule",
      "mode": "managed",
      "type": "newrelic_nrql_alert_condition",
      "name": "alert",
      "provider": "module.mymodule.provider[\"registry.terraform.io/newrelic/newrelic\"]",
      "instances": [
        {
          "index_key": "condition1",
          "schema_version": 0,
          "attributes": {
            "account_id": 4438263,
            "aggregation_delay": "120",
            "aggregation_method": "event_flow",
            "aggregation_timer": null,
            "aggregation_window": 60,
            "baseline_direction": null,
            "close_violations_on_expiration": true,
            "critical": [
              {
                "duration": 0,
                "operator": "above",
                "threshold": 5.5,
                "threshold_duration": 300,
                "threshold_occurrences": "all",
                "time_function": ""
              }
            ],
            "description": "Alert when transactions are taking too long",
            "enabled": true,
            "entity_guid": "NDQzODI2M3xBSU9QU3xDT05ESVRJT058NDM0ODI2Mzg",
            "evaluation_delay": null,
            "expiration_duration": 120,
            "fill_option": "static",
            "fill_value": 1,
            "id": "5515191:43482638",
            "name": "alert cond-1",
            "nrql": [
              {
                "data_account_id": 0,
                "evaluation_offset": 0,
                "query": "SELECT average(duration) FROM Transaction where appName = 'Your App'",
                "since_value": ""
              }
            ],
            "open_violation_on_expiration": true,
            "policy_id": 5515191,
            "runbook_url": "https://www.example.com",
            "slide_by": 30,
            "term": [],
            "timeouts": null,
            "type": "static",
            "violation_time_limit": "ONE_HOUR",
            "violation_time_limit_seconds": 3600,
            "warning": [
              {
                "duration": 0,
                "operator": "above",
                "threshold": 5.5,
                "threshold_duration": 300,
                "threshold_occurrences": "all",
                "time_function": ""
              }
            ]
          },
          "sensitive_attributes": [],
          "private": "eyJlMmJmYjczMC1lY2FhLTExZTYtOGY4OC0zNDM2M2JjN2M0YzAiOnsiY3JlYXRlIjozMDAwMDAwMDAwMH19",
          "dependencies": [
            "module.mymodule.newrelic_alert_policy.alertt"
          ]
        },
        {
          "index_key": "condition2",
          "schema_version": 0,
          "attributes": {
            "account_id": 4438263,
            "aggregation_delay": "120",
            "aggregation_method": "event_flow",
            "aggregation_timer": null,
            "aggregation_window": 60,
            "baseline_direction": null,
            "close_violations_on_expiration": true,
            "critical": [
              {
                "duration": 0,
                "operator": "above",
                "threshold": 5.5,
                "threshold_duration": 300,
                "threshold_occurrences": "all",
                "time_function": ""
              }
            ],
            "description": "Alert when transactions are taking too long",
            "enabled": true,
            "entity_guid": "NDQzODI2M3xBSU9QU3xDT05ESVRJT058NDM0ODI2NDA",
            "evaluation_delay": null,
            "expiration_duration": 120,
            "fill_option": "static",
            "fill_value": 1,
            "id": "5515191:43482640",
            "name": "alert cond-2",
            "nrql": [
              {
                "data_account_id": 0,
                "evaluation_offset": 0,
                "query": "SELECT average(duration) FROM Transaction where appName = 'Your App'",
                "since_value": ""
              }
            ],
            "open_violation_on_expiration": true,
            "policy_id": 5515191,
            "runbook_url": "https://www.example.com",
            "slide_by": 30,
            "term": [],
            "timeouts": null,
            "type": "static",
            "violation_time_limit": "ONE_HOUR",
            "violation_time_limit_seconds": 3600,
            "warning": [
              {
                "duration": 0,
                "operator": "above",
                "threshold": 5.5,
                "threshold_duration": 300,
                "threshold_occurrences": "all",
                "time_function": ""
              }
            ]
          },
          "sensitive_attributes": [],
          "private": "eyJlMmJmYjczMC1lY2FhLTExZTYtOGY4OC0zNDM2M2JjN2M0YzAiOnsiY3JlYXRlIjozMDAwMDAwMDAwMH19",
          "dependencies": [
            "module.mymodule.newrelic_alert_policy.alertt"
          ]
        },
        {
          "index_key": "condition3",
          "schema_version": 0,
          "attributes": {
            "account_id": 4438263,
            "aggregation_delay": "120",
            "aggregation_method": "event_flow",
            "aggregation_timer": null,
            "aggregation_window": 60,
            "baseline_direction": null,
            "close_violations_on_expiration": true,
            "critical": [
              {
                "duration": 0,
                "operator": "above",
                "threshold": 5.5,
                "threshold_duration": 300,
                "threshold_occurrences": "all",
                "time_function": ""
              }
            ],
            "description": "Alert when transactions are taking too long",
            "enabled": true,
            "entity_guid": "NDQzODI2M3xBSU9QU3xDT05ESVRJT058NDM0ODI2Mzk",
            "evaluation_delay": null,
            "expiration_duration": 120,
            "fill_option": "static",
            "fill_value": 1,
            "id": "5515191:43482639",
            "name": "alert cond-3",
            "nrql": [
              {
                "data_account_id": 0,
                "evaluation_offset": 0,
                "query": "SELECT average(duration) FROM Transaction where appName = 'Your App'",
                "since_value": ""
              }
            ],
            "open_violation_on_expiration": true,
            "policy_id": 5515191,
            "runbook_url": "https://www.example.com",
            "slide_by": 30,
            "term": [],
            "timeouts": null,
            "type": "static",
            "violation_time_limit": "ONE_HOUR",
            "violation_time_limit_seconds": 3600,
            "warning": [
              {
                "duration": 0,
                "operator": "above",
                "threshold": 5.5,
                "threshold_duration": 300,
                "threshold_occurrences": "all",
                "time_function": ""
              }
            ]
          },
          "sensitive_attributes": [],
          "private": "eyJlMmJmYjczMC1lY2FhLTExZTYtOGY4OC0zNDM2M2JjN2M0YzAiOnsiY3JlYXRlIjozMDAwMDAwMDAwMH19",
          "dependencies": [
            "module.mymodule.newrelic_alert_policy.alertt"
          ]
        }
      ]
    }
  ],
  "check_results": null
}
